
Microsoft Visual Studio Solution File, Format Version 12.00
# Visual Studio 2012
Project("{FAE04EC0-301F-11D3-BF4B-00C04F79EFBC}") = "Dexter.Host", "Dexter.Host\Dexter.Host.csproj", "{4B5D01D0-F058-42C3-A906-8B07646540D1}"
EndProject
Project("{2150E333-8FDC-42A3-9474-1A3956D46DE8}") = ".notes", ".notes", "{40315813-FAE6-47C4-8798-B19412914683}"
	ProjectSection(SolutionItems) = preProject
		..\doc\note.txt = ..\doc\note.txt
	EndProjectSection
EndProject
Project("{FAE04EC0-301F-11D3-BF4B-00C04F79EFBC}") = "Dexter.Dependency", "Dexter.Dependency\Dexter.Dependency.csproj", "{07FF041C-FC20-49A3-8BC4-A38E7F72ABAA}"
EndProject
Project("{FAE04EC0-301F-11D3-BF4B-00C04F79EFBC}") = "Dexter.Dependency.Castle", "Dexter.Dependency.Castle\Dexter.Dependency.Castle.csproj", "{A04A2782-5DAA-4D17-B91D-6D963967FF6D}"
EndProject
Project("{2150E333-8FDC-42A3-9474-1A3956D46DE8}") = "Tests", "Tests", "{02EA393F-E647-407A-BDE4-05512482C0CA}"
EndProject
Project("{FAE04EC0-301F-11D3-BF4B-00C04F79EFBC}") = "Dexter.Dependency.Castle.Test", "..\tests\Dexter.Dependency.Castle.Test\Dexter.Dependency.Castle.Test.csproj", "{AC1606C8-49B1-4288-94AA-BB14CA12862C}"
EndProject
Project("{FAE04EC0-301F-11D3-BF4B-00C04F79EFBC}") = "Dexter.Dependency.Test", "..\tests\Dexter.Dependency.Test\Dexter.Dependency.Test.csproj", "{6EF3ABF5-7E41-4DB2-947D-106B1EEC8B31}"
EndProject
Project("{FAE04EC0-301F-11D3-BF4B-00C04F79EFBC}") = "Dexter.Extensions", "Dexter.Extensions\Dexter.Extensions.csproj", "{408D067C-933B-4987-B76F-481708F08470}"
EndProject
Global
	GlobalSection(SolutionConfigurationPlatforms) = preSolution
		Debug|Any CPU = Debug|Any CPU
		Release|Any CPU = Release|Any CPU
	EndGlobalSection
	GlobalSection(ProjectConfigurationPlatforms) = postSolution
		{4B5D01D0-F058-42C3-A906-8B07646540D1}.Debug|Any CPU.ActiveCfg = Debug|Any CPU
		{4B5D01D0-F058-42C3-A906-8B07646540D1}.Debug|Any CPU.Build.0 = Debug|Any CPU
		{4B5D01D0-F058-42C3-A906-8B07646540D1}.Release|Any CPU.ActiveCfg = Release|Any CPU
		{4B5D01D0-F058-42C3-A906-8B07646540D1}.Release|Any CPU.Build.0 = Release|Any CPU
		{07FF041C-FC20-49A3-8BC4-A38E7F72ABAA}.Debug|Any CPU.ActiveCfg = Debug|Any CPU
		{07FF041C-FC20-49A3-8BC4-A38E7F72ABAA}.Debug|Any CPU.Build.0 = Debug|Any CPU
		{07FF041C-FC20-49A3-8BC4-A38E7F72ABAA}.Release|Any CPU.ActiveCfg = Release|Any CPU
		{07FF041C-FC20-49A3-8BC4-A38E7F72ABAA}.Release|Any CPU.Build.0 = Release|Any CPU
		{A04A2782-5DAA-4D17-B91D-6D963967FF6D}.Debug|Any CPU.ActiveCfg = Debug|Any CPU
		{A04A2782-5DAA-4D17-B91D-6D963967FF6D}.Debug|Any CPU.Build.0 = Debug|Any CPU
		{A04A2782-5DAA-4D17-B91D-6D963967FF6D}.Release|Any CPU.ActiveCfg = Release|Any CPU
		{A04A2782-5DAA-4D17-B91D-6D963967FF6D}.Release|Any CPU.Build.0 = Release|Any CPU
		{AC1606C8-49B1-4288-94AA-BB14CA12862C}.Debug|Any CPU.ActiveCfg = Debug|Any CPU
		{AC1606C8-49B1-4288-94AA-BB14CA12862C}.Debug|Any CPU.Build.0 = Debug|Any CPU
		{AC1606C8-49B1-4288-94AA-BB14CA12862C}.Release|Any CPU.ActiveCfg = Release|Any CPU
		{AC1606C8-49B1-4288-94AA-BB14CA12862C}.Release|Any CPU.Build.0 = Release|Any CPU
		{6EF3ABF5-7E41-4DB2-947D-106B1EEC8B31}.Debug|Any CPU.ActiveCfg = Debug|Any CPU
		{6EF3ABF5-7E41-4DB2-947D-106B1EEC8B31}.Debug|Any CPU.Build.0 = Debug|Any CPU
		{6EF3ABF5-7E41-4DB2-947D-106B1EEC8B31}.Release|Any CPU.ActiveCfg = Release|Any CPU
		{6EF3ABF5-7E41-4DB2-947D-106B1EEC8B31}.Release|Any CPU.Build.0 = Release|Any CPU
		{408D067C-933B-4987-B76F-481708F08470}.Debug|Any CPU.ActiveCfg = Debug|Any CPU
		{408D067C-933B-4987-B76F-481708F08470}.Debug|Any CPU.Build.0 = Debug|Any CPU
		{408D067C-933B-4987-B76F-481708F08470}.Release|Any CPU.ActiveCfg = Release|Any CPU
		{408D067C-933B-4987-B76F-481708F08470}.Release|Any CPU.Build.0 = Release|Any CPU
	EndGlobalSection
	GlobalSection(SolutionProperties) = preSolution
		HideSolutionNode = FALSE
	EndGlobalSection
	GlobalSection(NestedProjects) = preSolution
		{AC1606C8-49B1-4288-94AA-BB14CA12862C} = {02EA393F-E647-407A-BDE4-05512482C0CA}
		{6EF3ABF5-7E41-4DB2-947D-106B1EEC8B31} = {02EA393F-E647-407A-BDE4-05512482C0CA}
	EndGlobalSection
EndGlobal
