
Microsoft Visual Studio Solution File, Format Version 12.00
# Visual Studio 2012
Project("{FAE04EC0-301F-11D3-BF4B-00C04F79EFBC}") = "Dexter.Host", "Dexter.Host\Dexter.Host.csproj", "{4B5D01D0-F058-42C3-A906-8B07646540D1}"
	ProjectSection(ProjectDependencies) = postProject
		{70BE4F00-3F08-40DA-B6BA-58CBEAAA1B62} = {70BE4F00-3F08-40DA-B6BA-58CBEAAA1B62}
		{487C4A05-25E3-4E7C-8DC0-B768F19AC3D8} = {487C4A05-25E3-4E7C-8DC0-B768F19AC3D8}
		{43C6E51E-D066-4BD3-8182-ACA95096CB37} = {43C6E51E-D066-4BD3-8182-ACA95096CB37}
	EndProjectSection
EndProject
Project("{2150E333-8FDC-42A3-9474-1A3956D46DE8}") = ".notes", ".notes", "{40315813-FAE6-47C4-8798-B19412914683}"
	ProjectSection(SolutionItems) = preProject
		..\doc\CREDITS.txt = ..\doc\CREDITS.txt
		..\doc\Dexter.Build.cs = ..\doc\Dexter.Build.cs
		..\doc\LICENSE.txt = ..\doc\LICENSE.txt
		..\doc\note.txt = ..\doc\note.txt
		..\doc\RELEASE NOTE.txt = ..\doc\RELEASE NOTE.txt
	EndProjectSection
EndProject
Project("{FAE04EC0-301F-11D3-BF4B-00C04F79EFBC}") = "Dexter.Dependency", "Dexter.Dependency\Dexter.Dependency.csproj", "{07FF041C-FC20-49A3-8BC4-A38E7F72ABAA}"
EndProject
Project("{FAE04EC0-301F-11D3-BF4B-00C04F79EFBC}") = "Dexter.Dependency.Castle", "Dexter.Dependency.Castle\Dexter.Dependency.Castle.csproj", "{A04A2782-5DAA-4D17-B91D-6D963967FF6D}"
EndProject
Project("{2150E333-8FDC-42A3-9474-1A3956D46DE8}") = "Tests", "Tests", "{02EA393F-E647-407A-BDE4-05512482C0CA}"
EndProject
Project("{FAE04EC0-301F-11D3-BF4B-00C04F79EFBC}") = "Dexter.Dependency.Castle.Test", "..\tests\Dexter.Dependency.Castle.Test\Dexter.Dependency.Castle.Test.csproj", "{AC1606C8-49B1-4288-94AA-BB14CA12862C}"
EndProject
Project("{FAE04EC0-301F-11D3-BF4B-00C04F79EFBC}") = "Dexter.Dependency.Test", "..\tests\Dexter.Dependency.Test\Dexter.Dependency.Test.csproj", "{6EF3ABF5-7E41-4DB2-947D-106B1EEC8B31}"
EndProject
Project("{FAE04EC0-301F-11D3-BF4B-00C04F79EFBC}") = "Dexter.Extensions", "Dexter.Extensions\Dexter.Extensions.csproj", "{408D067C-933B-4987-B76F-481708F08470}"
EndProject
Project("{FAE04EC0-301F-11D3-BF4B-00C04F79EFBC}") = "Dexter.Caching", "Dexter.Caching\Dexter.Caching.csproj", "{FF50D350-E3A2-4BD8-9BBC-58166891E0C2}"
EndProject
Project("{FAE04EC0-301F-11D3-BF4B-00C04F79EFBC}") = "Dexter.Caching.InProc", "Dexter.Caching.InProc\Dexter.Caching.InProc.csproj", "{506DF938-59BB-44BF-BBC7-1FAA87E7C670}"
EndProject
Project("{FAE04EC0-301F-11D3-BF4B-00C04F79EFBC}") = "Dexter.Localization", "Dexter.Localization\Dexter.Localization.csproj", "{18867265-4DC0-45F9-95A8-1DA69B164399}"
EndProject
Project("{2150E333-8FDC-42A3-9474-1A3956D46DE8}") = "Standalone Frameworks", "Standalone Frameworks", "{86DF4B1B-33C8-4175-AB60-4F2888739BAE}"
EndProject
Project("{FAE04EC0-301F-11D3-BF4B-00C04F79EFBC}") = "Dexter.Localization.Po", "Dexter.Localization.Po\Dexter.Localization.Po.csproj", "{0517E2DD-D8F2-4A8F-89CB-8BBBE23D86A6}"
EndProject
Project("{FAE04EC0-301F-11D3-BF4B-00C04F79EFBC}") = "Dexter.Data", "Dexter.Data\Dexter.Data.csproj", "{08BF3549-6B10-4E83-AE71-1C4665004C02}"
EndProject
Project("{FAE04EC0-301F-11D3-BF4B-00C04F79EFBC}") = "Dexter.Data.Raven", "Dexter.Data.Raven\Dexter.Data.Raven.csproj", "{C8A68591-9DFF-4640-BDD5-E00D97B9848C}"
EndProject
Project("{FAE04EC0-301F-11D3-BF4B-00C04F79EFBC}") = "Dexter.Data.Raven.Test", "..\tests\Dexter.Data.Raven.Test\Dexter.Data.Raven.Test.csproj", "{C77350FD-A0B9-4C72-8335-BF9A0D2DE718}"
EndProject
Project("{FAE04EC0-301F-11D3-BF4B-00C04F79EFBC}") = "Dexter.Navigation", "Dexter.Navigation\Dexter.Navigation.csproj", "{D84AD077-7A5C-43D9-B09A-4F750BFADB6B}"
EndProject
Project("{FAE04EC0-301F-11D3-BF4B-00C04F79EFBC}") = "Dexter.Services", "Dexter.Services\Dexter.Services.csproj", "{BE578436-AD00-48FA-A16D-245044F109C2}"
EndProject
Project("{FAE04EC0-301F-11D3-BF4B-00C04F79EFBC}") = "Dexter.Entities", "Dexter.Entities\Dexter.Entities.csproj", "{5FB1AED5-D55E-43CC-A3E0-5E788BD72144}"
EndProject
Project("{FAE04EC0-301F-11D3-BF4B-00C04F79EFBC}") = "Dexter.Services.Implmentation", "Dexter.Services.Implmentation\Dexter.Services.Implmentation.csproj", "{CBC7440D-F0C3-418E-B733-AB2F68CF0DB5}"
EndProject
Project("{FAE04EC0-301F-11D3-BF4B-00C04F79EFBC}") = "Dexter.Web.Core", "Dexter.Web.Core\Dexter.Web.Core.csproj", "{AEB41407-67EB-4AB2-881C-3DFB5CD8B540}"
EndProject
Project("{2150E333-8FDC-42A3-9474-1A3956D46DE8}") = "Web", "Web", "{0594D47F-0916-4534-ADE4-CF43CAE752A0}"
EndProject
Project("{2150E333-8FDC-42A3-9474-1A3956D46DE8}") = "Gateway Services", "Gateway Services", "{F4785AD8-1836-4EF3-832E-DEA1F8F9270E}"
EndProject
Project("{2150E333-8FDC-42A3-9474-1A3956D46DE8}") = "Data Services", "Data Services", "{71A58180-0FD8-4D0E-BC9D-ADD841112026}"
EndProject
Project("{2150E333-8FDC-42A3-9474-1A3956D46DE8}") = "Shared", "Shared", "{751EACB0-89CB-40A6-8FFE-331DC2D8842A}"
EndProject
Project("{FAE04EC0-301F-11D3-BF4B-00C04F79EFBC}") = "Dexter.Async", "Dexter.Session\Dexter.Async.csproj", "{93F94260-4A10-41FD-AB0F-C1C22BFE3E78}"
EndProject
Project("{FAE04EC0-301F-11D3-BF4B-00C04F79EFBC}") = "Dexter.Automapper.Extensions", "Dexter.Automapper.Extensions\Dexter.Automapper.Extensions.csproj", "{8CD3FCF5-E770-4628-BCF3-97308132015E}"
EndProject
Project("{2150E333-8FDC-42A3-9474-1A3956D46DE8}") = "Scheduling", "Scheduling", "{003778F8-0F5C-4CC3-A94A-F12CE90301A5}"
EndProject
Project("{FAE04EC0-301F-11D3-BF4B-00C04F79EFBC}") = "Dexter.Scheduler", "Dexter.Scheduler\Dexter.Scheduler.csproj", "{487C4A05-25E3-4E7C-8DC0-B768F19AC3D8}"
EndProject
Project("{2150E333-8FDC-42A3-9474-1A3956D46DE8}") = "Plugins", "Plugins", "{3A9F322E-29B2-470E-AFD4-AB20DEEF502F}"
EndProject
Project("{FAE04EC0-301F-11D3-BF4B-00C04F79EFBC}") = "Dexter.PackageInstaller", "Dexter.Plugin\Dexter.PackageInstaller.csproj", "{70BE4F00-3F08-40DA-B6BA-58CBEAAA1B62}"
EndProject
Project("{FAE04EC0-301F-11D3-BF4B-00C04F79EFBC}") = "Dexter.Plugins.Twitter", "..\plugins\Dexter.Plugins.Twitter\Dexter.Plugins.Twitter.csproj", "{B41EA5EC-393C-4631-B73C-351BD788EE0D}"
EndProject
Project("{2150E333-8FDC-42A3-9474-1A3956D46DE8}") = "Extensions", "Extensions", "{D36A112B-13C7-4312-BDA2-C07E906719D9}"
EndProject
Project("{FAE04EC0-301F-11D3-BF4B-00C04F79EFBC}") = "Dexter.Shared", "Dexter.Shared\Dexter.Shared.csproj", "{43C6E51E-D066-4BD3-8182-ACA95096CB37}"
EndProject
Project("{FAE04EC0-301F-11D3-BF4B-00C04F79EFBC}") = "Dexter.Localization.Po.Test", "..\tests\Dexter.Localization.Po.Test\Dexter.Localization.Po.Test.csproj", "{12A5A34B-406E-4DE0-95F5-534F21620CCB}"
EndProject
Global
	GlobalSection(SolutionConfigurationPlatforms) = preSolution
		Debug|Any CPU = Debug|Any CPU
		Release|Any CPU = Release|Any CPU
	EndGlobalSection
	GlobalSection(ProjectConfigurationPlatforms) = postSolution
		{4B5D01D0-F058-42C3-A906-8B07646540D1}.Debug|Any CPU.ActiveCfg = Debug|Any CPU
		{4B5D01D0-F058-42C3-A906-8B07646540D1}.Debug|Any CPU.Build.0 = Debug|Any CPU
		{4B5D01D0-F058-42C3-A906-8B07646540D1}.Release|Any CPU.ActiveCfg = Release|Any CPU
		{4B5D01D0-F058-42C3-A906-8B07646540D1}.Release|Any CPU.Build.0 = Release|Any CPU
		{07FF041C-FC20-49A3-8BC4-A38E7F72ABAA}.Debug|Any CPU.ActiveCfg = Debug|Any CPU
		{07FF041C-FC20-49A3-8BC4-A38E7F72ABAA}.Debug|Any CPU.Build.0 = Debug|Any CPU
		{07FF041C-FC20-49A3-8BC4-A38E7F72ABAA}.Release|Any CPU.ActiveCfg = Release|Any CPU
		{07FF041C-FC20-49A3-8BC4-A38E7F72ABAA}.Release|Any CPU.Build.0 = Release|Any CPU
		{A04A2782-5DAA-4D17-B91D-6D963967FF6D}.Debug|Any CPU.ActiveCfg = Debug|Any CPU
		{A04A2782-5DAA-4D17-B91D-6D963967FF6D}.Debug|Any CPU.Build.0 = Debug|Any CPU
		{A04A2782-5DAA-4D17-B91D-6D963967FF6D}.Release|Any CPU.ActiveCfg = Release|Any CPU
		{A04A2782-5DAA-4D17-B91D-6D963967FF6D}.Release|Any CPU.Build.0 = Release|Any CPU
		{AC1606C8-49B1-4288-94AA-BB14CA12862C}.Debug|Any CPU.ActiveCfg = Debug|Any CPU
		{AC1606C8-49B1-4288-94AA-BB14CA12862C}.Debug|Any CPU.Build.0 = Debug|Any CPU
		{AC1606C8-49B1-4288-94AA-BB14CA12862C}.Release|Any CPU.ActiveCfg = Release|Any CPU
		{AC1606C8-49B1-4288-94AA-BB14CA12862C}.Release|Any CPU.Build.0 = Release|Any CPU
		{6EF3ABF5-7E41-4DB2-947D-106B1EEC8B31}.Debug|Any CPU.ActiveCfg = Debug|Any CPU
		{6EF3ABF5-7E41-4DB2-947D-106B1EEC8B31}.Debug|Any CPU.Build.0 = Debug|Any CPU
		{6EF3ABF5-7E41-4DB2-947D-106B1EEC8B31}.Release|Any CPU.ActiveCfg = Release|Any CPU
		{6EF3ABF5-7E41-4DB2-947D-106B1EEC8B31}.Release|Any CPU.Build.0 = Release|Any CPU
		{408D067C-933B-4987-B76F-481708F08470}.Debug|Any CPU.ActiveCfg = Debug|Any CPU
		{408D067C-933B-4987-B76F-481708F08470}.Debug|Any CPU.Build.0 = Debug|Any CPU
		{408D067C-933B-4987-B76F-481708F08470}.Release|Any CPU.ActiveCfg = Release|Any CPU
		{408D067C-933B-4987-B76F-481708F08470}.Release|Any CPU.Build.0 = Release|Any CPU
		{FF50D350-E3A2-4BD8-9BBC-58166891E0C2}.Debug|Any CPU.ActiveCfg = Debug|Any CPU
		{FF50D350-E3A2-4BD8-9BBC-58166891E0C2}.Debug|Any CPU.Build.0 = Debug|Any CPU
		{FF50D350-E3A2-4BD8-9BBC-58166891E0C2}.Release|Any CPU.ActiveCfg = Release|Any CPU
		{FF50D350-E3A2-4BD8-9BBC-58166891E0C2}.Release|Any CPU.Build.0 = Release|Any CPU
		{506DF938-59BB-44BF-BBC7-1FAA87E7C670}.Debug|Any CPU.ActiveCfg = Debug|Any CPU
		{506DF938-59BB-44BF-BBC7-1FAA87E7C670}.Debug|Any CPU.Build.0 = Debug|Any CPU
		{506DF938-59BB-44BF-BBC7-1FAA87E7C670}.Release|Any CPU.ActiveCfg = Release|Any CPU
		{506DF938-59BB-44BF-BBC7-1FAA87E7C670}.Release|Any CPU.Build.0 = Release|Any CPU
		{18867265-4DC0-45F9-95A8-1DA69B164399}.Debug|Any CPU.ActiveCfg = Debug|Any CPU
		{18867265-4DC0-45F9-95A8-1DA69B164399}.Debug|Any CPU.Build.0 = Debug|Any CPU
		{18867265-4DC0-45F9-95A8-1DA69B164399}.Release|Any CPU.ActiveCfg = Release|Any CPU
		{18867265-4DC0-45F9-95A8-1DA69B164399}.Release|Any CPU.Build.0 = Release|Any CPU
		{0517E2DD-D8F2-4A8F-89CB-8BBBE23D86A6}.Debug|Any CPU.ActiveCfg = Debug|Any CPU
		{0517E2DD-D8F2-4A8F-89CB-8BBBE23D86A6}.Debug|Any CPU.Build.0 = Debug|Any CPU
		{0517E2DD-D8F2-4A8F-89CB-8BBBE23D86A6}.Release|Any CPU.ActiveCfg = Release|Any CPU
		{0517E2DD-D8F2-4A8F-89CB-8BBBE23D86A6}.Release|Any CPU.Build.0 = Release|Any CPU
		{08BF3549-6B10-4E83-AE71-1C4665004C02}.Debug|Any CPU.ActiveCfg = Debug|Any CPU
		{08BF3549-6B10-4E83-AE71-1C4665004C02}.Debug|Any CPU.Build.0 = Debug|Any CPU
		{08BF3549-6B10-4E83-AE71-1C4665004C02}.Release|Any CPU.ActiveCfg = Release|Any CPU
		{08BF3549-6B10-4E83-AE71-1C4665004C02}.Release|Any CPU.Build.0 = Release|Any CPU
		{C8A68591-9DFF-4640-BDD5-E00D97B9848C}.Debug|Any CPU.ActiveCfg = Debug|Any CPU
		{C8A68591-9DFF-4640-BDD5-E00D97B9848C}.Debug|Any CPU.Build.0 = Debug|Any CPU
		{C8A68591-9DFF-4640-BDD5-E00D97B9848C}.Release|Any CPU.ActiveCfg = Release|Any CPU
		{C8A68591-9DFF-4640-BDD5-E00D97B9848C}.Release|Any CPU.Build.0 = Release|Any CPU
		{C77350FD-A0B9-4C72-8335-BF9A0D2DE718}.Debug|Any CPU.ActiveCfg = Debug|Any CPU
		{C77350FD-A0B9-4C72-8335-BF9A0D2DE718}.Debug|Any CPU.Build.0 = Debug|Any CPU
		{C77350FD-A0B9-4C72-8335-BF9A0D2DE718}.Release|Any CPU.ActiveCfg = Release|Any CPU
		{C77350FD-A0B9-4C72-8335-BF9A0D2DE718}.Release|Any CPU.Build.0 = Release|Any CPU
		{D84AD077-7A5C-43D9-B09A-4F750BFADB6B}.Debug|Any CPU.ActiveCfg = Debug|Any CPU
		{D84AD077-7A5C-43D9-B09A-4F750BFADB6B}.Debug|Any CPU.Build.0 = Debug|Any CPU
		{D84AD077-7A5C-43D9-B09A-4F750BFADB6B}.Release|Any CPU.ActiveCfg = Release|Any CPU
		{D84AD077-7A5C-43D9-B09A-4F750BFADB6B}.Release|Any CPU.Build.0 = Release|Any CPU
		{BE578436-AD00-48FA-A16D-245044F109C2}.Debug|Any CPU.ActiveCfg = Debug|Any CPU
		{BE578436-AD00-48FA-A16D-245044F109C2}.Debug|Any CPU.Build.0 = Debug|Any CPU
		{BE578436-AD00-48FA-A16D-245044F109C2}.Release|Any CPU.ActiveCfg = Release|Any CPU
		{BE578436-AD00-48FA-A16D-245044F109C2}.Release|Any CPU.Build.0 = Release|Any CPU
		{5FB1AED5-D55E-43CC-A3E0-5E788BD72144}.Debug|Any CPU.ActiveCfg = Debug|Any CPU
		{5FB1AED5-D55E-43CC-A3E0-5E788BD72144}.Debug|Any CPU.Build.0 = Debug|Any CPU
		{5FB1AED5-D55E-43CC-A3E0-5E788BD72144}.Release|Any CPU.ActiveCfg = Release|Any CPU
		{5FB1AED5-D55E-43CC-A3E0-5E788BD72144}.Release|Any CPU.Build.0 = Release|Any CPU
		{CBC7440D-F0C3-418E-B733-AB2F68CF0DB5}.Debug|Any CPU.ActiveCfg = Debug|Any CPU
		{CBC7440D-F0C3-418E-B733-AB2F68CF0DB5}.Debug|Any CPU.Build.0 = Debug|Any CPU
		{CBC7440D-F0C3-418E-B733-AB2F68CF0DB5}.Release|Any CPU.ActiveCfg = Release|Any CPU
		{CBC7440D-F0C3-418E-B733-AB2F68CF0DB5}.Release|Any CPU.Build.0 = Release|Any CPU
		{AEB41407-67EB-4AB2-881C-3DFB5CD8B540}.Debug|Any CPU.ActiveCfg = Debug|Any CPU
		{AEB41407-67EB-4AB2-881C-3DFB5CD8B540}.Debug|Any CPU.Build.0 = Debug|Any CPU
		{AEB41407-67EB-4AB2-881C-3DFB5CD8B540}.Release|Any CPU.ActiveCfg = Release|Any CPU
		{AEB41407-67EB-4AB2-881C-3DFB5CD8B540}.Release|Any CPU.Build.0 = Release|Any CPU
		{93F94260-4A10-41FD-AB0F-C1C22BFE3E78}.Debug|Any CPU.ActiveCfg = Debug|Any CPU
		{93F94260-4A10-41FD-AB0F-C1C22BFE3E78}.Debug|Any CPU.Build.0 = Debug|Any CPU
		{93F94260-4A10-41FD-AB0F-C1C22BFE3E78}.Release|Any CPU.ActiveCfg = Release|Any CPU
		{93F94260-4A10-41FD-AB0F-C1C22BFE3E78}.Release|Any CPU.Build.0 = Release|Any CPU
		{8CD3FCF5-E770-4628-BCF3-97308132015E}.Debug|Any CPU.ActiveCfg = Debug|Any CPU
		{8CD3FCF5-E770-4628-BCF3-97308132015E}.Debug|Any CPU.Build.0 = Debug|Any CPU
		{8CD3FCF5-E770-4628-BCF3-97308132015E}.Release|Any CPU.ActiveCfg = Release|Any CPU
		{8CD3FCF5-E770-4628-BCF3-97308132015E}.Release|Any CPU.Build.0 = Release|Any CPU
		{487C4A05-25E3-4E7C-8DC0-B768F19AC3D8}.Debug|Any CPU.ActiveCfg = Debug|Any CPU
		{487C4A05-25E3-4E7C-8DC0-B768F19AC3D8}.Debug|Any CPU.Build.0 = Debug|Any CPU
		{487C4A05-25E3-4E7C-8DC0-B768F19AC3D8}.Release|Any CPU.ActiveCfg = Release|Any CPU
		{487C4A05-25E3-4E7C-8DC0-B768F19AC3D8}.Release|Any CPU.Build.0 = Release|Any CPU
		{70BE4F00-3F08-40DA-B6BA-58CBEAAA1B62}.Debug|Any CPU.ActiveCfg = Debug|Any CPU
		{70BE4F00-3F08-40DA-B6BA-58CBEAAA1B62}.Debug|Any CPU.Build.0 = Debug|Any CPU
		{70BE4F00-3F08-40DA-B6BA-58CBEAAA1B62}.Release|Any CPU.ActiveCfg = Release|Any CPU
		{70BE4F00-3F08-40DA-B6BA-58CBEAAA1B62}.Release|Any CPU.Build.0 = Release|Any CPU
		{B41EA5EC-393C-4631-B73C-351BD788EE0D}.Debug|Any CPU.ActiveCfg = Debug|Any CPU
		{B41EA5EC-393C-4631-B73C-351BD788EE0D}.Debug|Any CPU.Build.0 = Debug|Any CPU
		{B41EA5EC-393C-4631-B73C-351BD788EE0D}.Release|Any CPU.ActiveCfg = Release|Any CPU
		{B41EA5EC-393C-4631-B73C-351BD788EE0D}.Release|Any CPU.Build.0 = Release|Any CPU
		{43C6E51E-D066-4BD3-8182-ACA95096CB37}.Debug|Any CPU.ActiveCfg = Debug|Any CPU
		{43C6E51E-D066-4BD3-8182-ACA95096CB37}.Debug|Any CPU.Build.0 = Debug|Any CPU
		{43C6E51E-D066-4BD3-8182-ACA95096CB37}.Release|Any CPU.ActiveCfg = Release|Any CPU
		{43C6E51E-D066-4BD3-8182-ACA95096CB37}.Release|Any CPU.Build.0 = Release|Any CPU
		{12A5A34B-406E-4DE0-95F5-534F21620CCB}.Debug|Any CPU.ActiveCfg = Debug|Any CPU
		{12A5A34B-406E-4DE0-95F5-534F21620CCB}.Debug|Any CPU.Build.0 = Debug|Any CPU
		{12A5A34B-406E-4DE0-95F5-534F21620CCB}.Release|Any CPU.ActiveCfg = Release|Any CPU
		{12A5A34B-406E-4DE0-95F5-534F21620CCB}.Release|Any CPU.Build.0 = Release|Any CPU
	EndGlobalSection
	GlobalSection(SolutionProperties) = preSolution
		HideSolutionNode = FALSE
	EndGlobalSection
	GlobalSection(NestedProjects) = preSolution
		{A04A2782-5DAA-4D17-B91D-6D963967FF6D} = {86DF4B1B-33C8-4175-AB60-4F2888739BAE}
		{408D067C-933B-4987-B76F-481708F08470} = {86DF4B1B-33C8-4175-AB60-4F2888739BAE}
		{FF50D350-E3A2-4BD8-9BBC-58166891E0C2} = {86DF4B1B-33C8-4175-AB60-4F2888739BAE}
		{506DF938-59BB-44BF-BBC7-1FAA87E7C670} = {86DF4B1B-33C8-4175-AB60-4F2888739BAE}
		{18867265-4DC0-45F9-95A8-1DA69B164399} = {86DF4B1B-33C8-4175-AB60-4F2888739BAE}
		{07FF041C-FC20-49A3-8BC4-A38E7F72ABAA} = {86DF4B1B-33C8-4175-AB60-4F2888739BAE}
		{0517E2DD-D8F2-4A8F-89CB-8BBBE23D86A6} = {86DF4B1B-33C8-4175-AB60-4F2888739BAE}
		{8CD3FCF5-E770-4628-BCF3-97308132015E} = {86DF4B1B-33C8-4175-AB60-4F2888739BAE}
		{AC1606C8-49B1-4288-94AA-BB14CA12862C} = {02EA393F-E647-407A-BDE4-05512482C0CA}
		{6EF3ABF5-7E41-4DB2-947D-106B1EEC8B31} = {02EA393F-E647-407A-BDE4-05512482C0CA}
		{C77350FD-A0B9-4C72-8335-BF9A0D2DE718} = {02EA393F-E647-407A-BDE4-05512482C0CA}
		{12A5A34B-406E-4DE0-95F5-534F21620CCB} = {02EA393F-E647-407A-BDE4-05512482C0CA}
		{C8A68591-9DFF-4640-BDD5-E00D97B9848C} = {71A58180-0FD8-4D0E-BC9D-ADD841112026}
		{08BF3549-6B10-4E83-AE71-1C4665004C02} = {71A58180-0FD8-4D0E-BC9D-ADD841112026}
		{5FB1AED5-D55E-43CC-A3E0-5E788BD72144} = {751EACB0-89CB-40A6-8FFE-331DC2D8842A}
		{D84AD077-7A5C-43D9-B09A-4F750BFADB6B} = {751EACB0-89CB-40A6-8FFE-331DC2D8842A}
		{93F94260-4A10-41FD-AB0F-C1C22BFE3E78} = {751EACB0-89CB-40A6-8FFE-331DC2D8842A}
		{43C6E51E-D066-4BD3-8182-ACA95096CB37} = {751EACB0-89CB-40A6-8FFE-331DC2D8842A}
		{CBC7440D-F0C3-418E-B733-AB2F68CF0DB5} = {F4785AD8-1836-4EF3-832E-DEA1F8F9270E}
		{BE578436-AD00-48FA-A16D-245044F109C2} = {F4785AD8-1836-4EF3-832E-DEA1F8F9270E}
		{AEB41407-67EB-4AB2-881C-3DFB5CD8B540} = {0594D47F-0916-4534-ADE4-CF43CAE752A0}
		{487C4A05-25E3-4E7C-8DC0-B768F19AC3D8} = {003778F8-0F5C-4CC3-A94A-F12CE90301A5}
		{B41EA5EC-393C-4631-B73C-351BD788EE0D} = {3A9F322E-29B2-470E-AFD4-AB20DEEF502F}
		{70BE4F00-3F08-40DA-B6BA-58CBEAAA1B62} = {D36A112B-13C7-4312-BDA2-C07E906719D9}
	EndGlobalSection
EndGlobal
